// !$*UTF8*$!
{
	archiveVersion = 1;
	classes = {
	};
	objectVersion = 56;
	objects = {

/* Begin PBXBuildFile section */
		7A1F05DE2946424800E3B37F /* CreateMovieView.swift in Sources */ = {isa = PBXBuildFile; fileRef = 7A1F05DD2946424800E3B37F /* CreateMovieView.swift */; };
		7A1F05E12946426C00E3B37F /* CreateMoviewViewModel.swift in Sources */ = {isa = PBXBuildFile; fileRef = 7A1F05E02946426C00E3B37F /* CreateMoviewViewModel.swift */; };
		7A1F05E42946595000E3B37F /* MovieListView.swift in Sources */ = {isa = PBXBuildFile; fileRef = 7A1F05E32946595000E3B37F /* MovieListView.swift */; };
		7A1F05E62946596D00E3B37F /* MovieListViewModel.swift in Sources */ = {isa = PBXBuildFile; fileRef = 7A1F05E52946596D00E3B37F /* MovieListViewModel.swift */; };
		7AA8242E2947905300D6019D /* MovieCell.swift in Sources */ = {isa = PBXBuildFile; fileRef = 7AA8242D2947905300D6019D /* MovieCell.swift */; };
		7AA824302947992B00D6019D /* Extensions.swift in Sources */ = {isa = PBXBuildFile; fileRef = 7AA8242F2947992B00D6019D /* Extensions.swift */; };
		7AA8243329479F2800D6019D /* MovieDetailView.swift in Sources */ = {isa = PBXBuildFile; fileRef = 7AA8243229479F2800D6019D /* MovieDetailView.swift */; };
		7AA8243529479F4900D6019D /* MovieDetaillViewModel.swift in Sources */ = {isa = PBXBuildFile; fileRef = 7AA8243429479F4900D6019D /* MovieDetaillViewModel.swift */; };
		7AA824382947A9A100D6019D /* AddActorView.swift in Sources */ = {isa = PBXBuildFile; fileRef = 7AA824372947A9A100D6019D /* AddActorView.swift */; };
		7AA8243A2947A9BF00D6019D /* AddActorViewModel.swift in Sources */ = {isa = PBXBuildFile; fileRef = 7AA824392947A9BF00D6019D /* AddActorViewModel.swift */; };
		7AA8243C2947AE7F00D6019D /* ActorCell.swift in Sources */ = {isa = PBXBuildFile; fileRef = 7AA8243B2947AE7F00D6019D /* ActorCell.swift */; };
		7AA8243E2947B47E00D6019D /* SearchView.swift in Sources */ = {isa = PBXBuildFile; fileRef = 7AA8243D2947B47E00D6019D /* SearchView.swift */; };
		7AAC4C2E2940C88F00545C38 /* CreateUserView.swift in Sources */ = {isa = PBXBuildFile; fileRef = 7AAC4C2D2940C88F00545C38 /* CreateUserView.swift */; };
		7AAC4C302940C89F00545C38 /* CreateUserViewModel.swift in Sources */ = {isa = PBXBuildFile; fileRef = 7AAC4C2F2940C89F00545C38 /* CreateUserViewModel.swift */; };
		7AAC4C332940C95E00545C38 /* TextFieldView.swift in Sources */ = {isa = PBXBuildFile; fileRef = 7AAC4C322940C95E00545C38 /* TextFieldView.swift */; };
		7AB3229C2948772500F6ADE6 /* CommentCell.swift in Sources */ = {isa = PBXBuildFile; fileRef = 7AB3229B2948772500F6ADE6 /* CommentCell.swift */; };
		7AB322A12948797700F6ADE6 /* Comment+CoreDataClass.swift in Sources */ = {isa = PBXBuildFile; fileRef = 7AB3229F2948797700F6ADE6 /* Comment+CoreDataClass.swift */; };
		7AB322A22948797700F6ADE6 /* Comment+CoreDataProperties.swift in Sources */ = {isa = PBXBuildFile; fileRef = 7AB322A02948797700F6ADE6 /* Comment+CoreDataProperties.swift */; };
		7AB322A82948A31900F6ADE6 /* CreateNoteView.swift in Sources */ = {isa = PBXBuildFile; fileRef = 7AB322A72948A31900F6ADE6 /* CreateNoteView.swift */; };
		7AB322AF2948A3CB00F6ADE6 /* CreateNoteViewModel.swift in Sources */ = {isa = PBXBuildFile; fileRef = 7AB322AE2948A3CB00F6ADE6 /* CreateNoteViewModel.swift */; };
		7AB322B22948ACE800F6ADE6 /* MovieListsView.swift in Sources */ = {isa = PBXBuildFile; fileRef = 7AB322B12948ACE800F6ADE6 /* MovieListsView.swift */; };
		7AB322B42948AD1000F6ADE6 /* MovieListsViewModel.swift in Sources */ = {isa = PBXBuildFile; fileRef = 7AB322B32948AD1000F6ADE6 /* MovieListsViewModel.swift */; };
		7AB322B72948B15700F6ADE6 /* MovieListDetailView.swift in Sources */ = {isa = PBXBuildFile; fileRef = 7AB322B62948B15700F6ADE6 /* MovieListDetailView.swift */; };
		7AB322B92948B16800F6ADE6 /* MovieListDetailViewModel.swift in Sources */ = {isa = PBXBuildFile; fileRef = 7AB322B82948B16800F6ADE6 /* MovieListDetailViewModel.swift */; };
		7AB322BB2948E14600F6ADE6 /* StartView.swift in Sources */ = {isa = PBXBuildFile; fileRef = 7AB322BA2948E14600F6ADE6 /* StartView.swift */; };
		7AB322BE2948E1B000F6ADE6 /* StartViewModel.swift in Sources */ = {isa = PBXBuildFile; fileRef = 7AB322BD2948E1B000F6ADE6 /* StartViewModel.swift */; };
		7AB322C22948E2E900F6ADE6 /* MainViewModel.swift in Sources */ = {isa = PBXBuildFile; fileRef = 7AB322C12948E2E900F6ADE6 /* MainViewModel.swift */; };
		7AB322C42948E30300F6ADE6 /* MainView.swift in Sources */ = {isa = PBXBuildFile; fileRef = 7AB322C32948E30300F6ADE6 /* MainView.swift */; };
		7AB322C62948E7DC00F6ADE6 /* Examples.swift in Sources */ = {isa = PBXBuildFile; fileRef = 7AB322C52948E7DC00F6ADE6 /* Examples.swift */; };
		7AB322CB2948F4AC00F6ADE6 /* UserMovie+CoreDataClass.swift in Sources */ = {isa = PBXBuildFile; fileRef = 7AB322C72948F4AC00F6ADE6 /* UserMovie+CoreDataClass.swift */; };
		7AB322CC2948F4AC00F6ADE6 /* UserMovie+CoreDataProperties.swift in Sources */ = {isa = PBXBuildFile; fileRef = 7AB322C82948F4AC00F6ADE6 /* UserMovie+CoreDataProperties.swift */; };
		7AB322CD2948F4AC00F6ADE6 /* User+CoreDataClass.swift in Sources */ = {isa = PBXBuildFile; fileRef = 7AB322C92948F4AC00F6ADE6 /* User+CoreDataClass.swift */; };
		7AB322CE2948F4AC00F6ADE6 /* User+CoreDataProperties.swift in Sources */ = {isa = PBXBuildFile; fileRef = 7AB322CA2948F4AC00F6ADE6 /* User+CoreDataProperties.swift */; };
		7AB322D12948F62A00F6ADE6 /* Genres.json in Resources */ = {isa = PBXBuildFile; fileRef = 7AB322D02948F62A00F6ADE6 /* Genres.json */; };
		7AB322D32948FA3E00F6ADE6 /* PreloadingModels.swift in Sources */ = {isa = PBXBuildFile; fileRef = 7AB322D22948FA3E00F6ADE6 /* PreloadingModels.swift */; };
		7AB322DA29493A0200F6ADE6 /* MovieList+CoreDataClass.swift in Sources */ = {isa = PBXBuildFile; fileRef = 7AB322D829493A0200F6ADE6 /* MovieList+CoreDataClass.swift */; };
		7AB322DB29493A0200F6ADE6 /* MovieList+CoreDataProperties.swift in Sources */ = {isa = PBXBuildFile; fileRef = 7AB322D929493A0200F6ADE6 /* MovieList+CoreDataProperties.swift */; };
		7AC39055293F6F6E00B10E85 /* MovieListApp.swift in Sources */ = {isa = PBXBuildFile; fileRef = 7AC39054293F6F6E00B10E85 /* MovieListApp.swift */; };
		7AC39057293F6F6E00B10E85 /* ContentView.swift in Sources */ = {isa = PBXBuildFile; fileRef = 7AC39056293F6F6E00B10E85 /* ContentView.swift */; };
		7AC39059293F6F7000B10E85 /* Assets.xcassets in Resources */ = {isa = PBXBuildFile; fileRef = 7AC39058293F6F7000B10E85 /* Assets.xcassets */; };
		7AC3905C293F6F7000B10E85 /* Preview Assets.xcassets in Resources */ = {isa = PBXBuildFile; fileRef = 7AC3905B293F6F7000B10E85 /* Preview Assets.xcassets */; };
		7AC3905E293F6F7000B10E85 /* Persistence.swift in Sources */ = {isa = PBXBuildFile; fileRef = 7AC3905D293F6F7000B10E85 /* Persistence.swift */; };
		7AC39061293F6F7000B10E85 /* MovieList.xcdatamodeld in Sources */ = {isa = PBXBuildFile; fileRef = 7AC3905F293F6F7000B10E85 /* MovieList.xcdatamodeld */; };
		7AC39075293F80D000B10E85 /* Movie+CoreDataClass.swift in Sources */ = {isa = PBXBuildFile; fileRef = 7AC39067293F80D000B10E85 /* Movie+CoreDataClass.swift */; };
		7AC39076293F80D000B10E85 /* Movie+CoreDataProperties.swift in Sources */ = {isa = PBXBuildFile; fileRef = 7AC39068293F80D000B10E85 /* Movie+CoreDataProperties.swift */; };
		7AC39077293F80D000B10E85 /* Actor+CoreDataClass.swift in Sources */ = {isa = PBXBuildFile; fileRef = 7AC39069293F80D000B10E85 /* Actor+CoreDataClass.swift */; };
		7AC39078293F80D000B10E85 /* Actor+CoreDataProperties.swift in Sources */ = {isa = PBXBuildFile; fileRef = 7AC3906A293F80D000B10E85 /* Actor+CoreDataProperties.swift */; };
		7AC39079293F80D000B10E85 /* Genre+CoreDataClass.swift in Sources */ = {isa = PBXBuildFile; fileRef = 7AC3906B293F80D000B10E85 /* Genre+CoreDataClass.swift */; };
		7AC3907A293F80D000B10E85 /* Genre+CoreDataProperties.swift in Sources */ = {isa = PBXBuildFile; fileRef = 7AC3906C293F80D000B10E85 /* Genre+CoreDataProperties.swift */; };
/* End PBXBuildFile section */

/* Begin PBXFileReference section */
		7A1F05DD2946424800E3B37F /* CreateMovieView.swift */ = {isa = PBXFileReference; lastKnownFileType = sourcecode.swift; path = CreateMovieView.swift; sourceTree = "<group>"; };
		7A1F05E02946426C00E3B37F /* CreateMoviewViewModel.swift */ = {isa = PBXFileReference; lastKnownFileType = sourcecode.swift; path = CreateMoviewViewModel.swift; sourceTree = "<group>"; };
		7A1F05E32946595000E3B37F /* MovieListView.swift */ = {isa = PBXFileReference; lastKnownFileType = sourcecode.swift; path = MovieListView.swift; sourceTree = "<group>"; };
		7A1F05E52946596D00E3B37F /* MovieListViewModel.swift */ = {isa = PBXFileReference; lastKnownFileType = sourcecode.swift; path = MovieListViewModel.swift; sourceTree = "<group>"; };
		7AA8242D2947905300D6019D /* MovieCell.swift */ = {isa = PBXFileReference; lastKnownFileType = sourcecode.swift; path = MovieCell.swift; sourceTree = "<group>"; };
		7AA8242F2947992B00D6019D /* Extensions.swift */ = {isa = PBXFileReference; lastKnownFileType = sourcecode.swift; path = Extensions.swift; sourceTree = "<group>"; };
		7AA8243229479F2800D6019D /* MovieDetailView.swift */ = {isa = PBXFileReference; lastKnownFileType = sourcecode.swift; path = MovieDetailView.swift; sourceTree = "<group>"; };
		7AA8243429479F4900D6019D /* MovieDetaillViewModel.swift */ = {isa = PBXFileReference; lastKnownFileType = sourcecode.swift; path = MovieDetaillViewModel.swift; sourceTree = "<group>"; };
		7AA824372947A9A100D6019D /* AddActorView.swift */ = {isa = PBXFileReference; lastKnownFileType = sourcecode.swift; path = AddActorView.swift; sourceTree = "<group>"; };
		7AA824392947A9BF00D6019D /* AddActorViewModel.swift */ = {isa = PBXFileReference; lastKnownFileType = sourcecode.swift; path = AddActorViewModel.swift; sourceTree = "<group>"; };
		7AA8243B2947AE7F00D6019D /* ActorCell.swift */ = {isa = PBXFileReference; lastKnownFileType = sourcecode.swift; path = ActorCell.swift; sourceTree = "<group>"; };
		7AA8243D2947B47E00D6019D /* SearchView.swift */ = {isa = PBXFileReference; lastKnownFileType = sourcecode.swift; path = SearchView.swift; sourceTree = "<group>"; };
		7AAC4C2D2940C88F00545C38 /* CreateUserView.swift */ = {isa = PBXFileReference; lastKnownFileType = sourcecode.swift; path = CreateUserView.swift; sourceTree = "<group>"; };
		7AAC4C2F2940C89F00545C38 /* CreateUserViewModel.swift */ = {isa = PBXFileReference; lastKnownFileType = sourcecode.swift; path = CreateUserViewModel.swift; sourceTree = "<group>"; };
		7AAC4C322940C95E00545C38 /* TextFieldView.swift */ = {isa = PBXFileReference; lastKnownFileType = sourcecode.swift; path = TextFieldView.swift; sourceTree = "<group>"; };
		7AB3229B2948772500F6ADE6 /* CommentCell.swift */ = {isa = PBXFileReference; lastKnownFileType = sourcecode.swift; path = CommentCell.swift; sourceTree = "<group>"; };
		7AB3229F2948797700F6ADE6 /* Comment+CoreDataClass.swift */ = {isa = PBXFileReference; lastKnownFileType = sourcecode.swift; path = "Comment+CoreDataClass.swift"; sourceTree = "<group>"; };
		7AB322A02948797700F6ADE6 /* Comment+CoreDataProperties.swift */ = {isa = PBXFileReference; lastKnownFileType = sourcecode.swift; path = "Comment+CoreDataProperties.swift"; sourceTree = "<group>"; };
		7AB322A72948A31900F6ADE6 /* CreateNoteView.swift */ = {isa = PBXFileReference; lastKnownFileType = sourcecode.swift; path = CreateNoteView.swift; sourceTree = "<group>"; };
		7AB322AE2948A3CB00F6ADE6 /* CreateNoteViewModel.swift */ = {isa = PBXFileReference; lastKnownFileType = sourcecode.swift; path = CreateNoteViewModel.swift; sourceTree = "<group>"; };
		7AB322B12948ACE800F6ADE6 /* MovieListsView.swift */ = {isa = PBXFileReference; lastKnownFileType = sourcecode.swift; path = MovieListsView.swift; sourceTree = "<group>"; };
		7AB322B32948AD1000F6ADE6 /* MovieListsViewModel.swift */ = {isa = PBXFileReference; lastKnownFileType = sourcecode.swift; path = MovieListsViewModel.swift; sourceTree = "<group>"; };
		7AB322B62948B15700F6ADE6 /* MovieListDetailView.swift */ = {isa = PBXFileReference; lastKnownFileType = sourcecode.swift; path = MovieListDetailView.swift; sourceTree = "<group>"; };
		7AB322B82948B16800F6ADE6 /* MovieListDetailViewModel.swift */ = {isa = PBXFileReference; lastKnownFileType = sourcecode.swift; path = MovieListDetailViewModel.swift; sourceTree = "<group>"; };
		7AB322BA2948E14600F6ADE6 /* StartView.swift */ = {isa = PBXFileReference; lastKnownFileType = sourcecode.swift; path = StartView.swift; sourceTree = "<group>"; };
		7AB322BD2948E1B000F6ADE6 /* StartViewModel.swift */ = {isa = PBXFileReference; lastKnownFileType = sourcecode.swift; path = StartViewModel.swift; sourceTree = "<group>"; };
		7AB322C12948E2E900F6ADE6 /* MainViewModel.swift */ = {isa = PBXFileReference; lastKnownFileType = sourcecode.swift; path = MainViewModel.swift; sourceTree = "<group>"; };
		7AB322C32948E30300F6ADE6 /* MainView.swift */ = {isa = PBXFileReference; lastKnownFileType = sourcecode.swift; path = MainView.swift; sourceTree = "<group>"; };
		7AB322C52948E7DC00F6ADE6 /* Examples.swift */ = {isa = PBXFileReference; lastKnownFileType = sourcecode.swift; path = Examples.swift; sourceTree = "<group>"; };
		7AB322C72948F4AC00F6ADE6 /* UserMovie+CoreDataClass.swift */ = {isa = PBXFileReference; lastKnownFileType = sourcecode.swift; path = "UserMovie+CoreDataClass.swift"; sourceTree = "<group>"; };
		7AB322C82948F4AC00F6ADE6 /* UserMovie+CoreDataProperties.swift */ = {isa = PBXFileReference; lastKnownFileType = sourcecode.swift; path = "UserMovie+CoreDataProperties.swift"; sourceTree = "<group>"; };
		7AB322C92948F4AC00F6ADE6 /* User+CoreDataClass.swift */ = {isa = PBXFileReference; lastKnownFileType = sourcecode.swift; path = "User+CoreDataClass.swift"; sourceTree = "<group>"; };
		7AB322CA2948F4AC00F6ADE6 /* User+CoreDataProperties.swift */ = {isa = PBXFileReference; lastKnownFileType = sourcecode.swift; path = "User+CoreDataProperties.swift"; sourceTree = "<group>"; };
		7AB322D02948F62A00F6ADE6 /* Genres.json */ = {isa = PBXFileReference; lastKnownFileType = text.json; path = Genres.json; sourceTree = "<group>"; };
		7AB322D22948FA3E00F6ADE6 /* PreloadingModels.swift */ = {isa = PBXFileReference; lastKnownFileType = sourcecode.swift; path = PreloadingModels.swift; sourceTree = "<group>"; };
		7AB322D829493A0200F6ADE6 /* MovieList+CoreDataClass.swift */ = {isa = PBXFileReference; lastKnownFileType = sourcecode.swift; path = "MovieList+CoreDataClass.swift"; sourceTree = "<group>"; };
		7AB322D929493A0200F6ADE6 /* MovieList+CoreDataProperties.swift */ = {isa = PBXFileReference; lastKnownFileType = sourcecode.swift; path = "MovieList+CoreDataProperties.swift"; sourceTree = "<group>"; };
		7AC39051293F6F6E00B10E85 /* MovieList.app */ = {isa = PBXFileReference; explicitFileType = wrapper.application; includeInIndex = 0; path = MovieList.app; sourceTree = BUILT_PRODUCTS_DIR; };
		7AC39054293F6F6E00B10E85 /* MovieListApp.swift */ = {isa = PBXFileReference; lastKnownFileType = sourcecode.swift; path = MovieListApp.swift; sourceTree = "<group>"; };
		7AC39056293F6F6E00B10E85 /* ContentView.swift */ = {isa = PBXFileReference; lastKnownFileType = sourcecode.swift; path = ContentView.swift; sourceTree = "<group>"; };
		7AC39058293F6F7000B10E85 /* Assets.xcassets */ = {isa = PBXFileReference; lastKnownFileType = folder.assetcatalog; path = Assets.xcassets; sourceTree = "<group>"; };
		7AC3905B293F6F7000B10E85 /* Preview Assets.xcassets */ = {isa = PBXFileReference; lastKnownFileType = folder.assetcatalog; path = "Preview Assets.xcassets"; sourceTree = "<group>"; };
		7AC3905D293F6F7000B10E85 /* Persistence.swift */ = {isa = PBXFileReference; lastKnownFileType = sourcecode.swift; path = Persistence.swift; sourceTree = "<group>"; };
		7AC39060293F6F7000B10E85 /* MovieList.xcdatamodel */ = {isa = PBXFileReference; lastKnownFileType = wrapper.xcdatamodel; path = MovieList.xcdatamodel; sourceTree = "<group>"; };
		7AC39067293F80D000B10E85 /* Movie+CoreDataClass.swift */ = {isa = PBXFileReference; lastKnownFileType = sourcecode.swift; path = "Movie+CoreDataClass.swift"; sourceTree = "<group>"; };
		7AC39068293F80D000B10E85 /* Movie+CoreDataProperties.swift */ = {isa = PBXFileReference; lastKnownFileType = sourcecode.swift; path = "Movie+CoreDataProperties.swift"; sourceTree = "<group>"; };
		7AC39069293F80D000B10E85 /* Actor+CoreDataClass.swift */ = {isa = PBXFileReference; lastKnownFileType = sourcecode.swift; path = "Actor+CoreDataClass.swift"; sourceTree = "<group>"; };
		7AC3906A293F80D000B10E85 /* Actor+CoreDataProperties.swift */ = {isa = PBXFileReference; lastKnownFileType = sourcecode.swift; path = "Actor+CoreDataProperties.swift"; sourceTree = "<group>"; };
		7AC3906B293F80D000B10E85 /* Genre+CoreDataClass.swift */ = {isa = PBXFileReference; lastKnownFileType = sourcecode.swift; path = "Genre+CoreDataClass.swift"; sourceTree = "<group>"; };
		7AC3906C293F80D000B10E85 /* Genre+CoreDataProperties.swift */ = {isa = PBXFileReference; lastKnownFileType = sourcecode.swift; path = "Genre+CoreDataProperties.swift"; sourceTree = "<group>"; };
/* End PBXFileReference section */

/* Begin PBXFrameworksBuildPhase section */
		7AC3904E293F6F6E00B10E85 /* Frameworks */ = {
			isa = PBXFrameworksBuildPhase;
			buildActionMask = 2147483647;
			files = (
			);
			runOnlyForDeploymentPostprocessing = 0;
		};
/* End PBXFrameworksBuildPhase section */

/* Begin PBXGroup section */
		7A1F05DF2946424F00E3B37F /* CreateMovieView */ = {
			isa = PBXGroup;
			children = (
				7A1F05DD2946424800E3B37F /* CreateMovieView.swift */,
				7A1F05E02946426C00E3B37F /* CreateMoviewViewModel.swift */,
			);
			path = CreateMovieView;
			sourceTree = "<group>";
		};
		7A1F05E22946593A00E3B37F /* MovieListView */ = {
			isa = PBXGroup;
			children = (
				7A1F05E32946595000E3B37F /* MovieListView.swift */,
				7A1F05E52946596D00E3B37F /* MovieListViewModel.swift */,
			);
			path = MovieListView;
			sourceTree = "<group>";
		};
		7AA8243129479ED100D6019D /* MovieDetail */ = {
			isa = PBXGroup;
			children = (
				7AA8243229479F2800D6019D /* MovieDetailView.swift */,
				7AA8243429479F4900D6019D /* MovieDetaillViewModel.swift */,
			);
			path = MovieDetail;
			sourceTree = "<group>";
		};
		7AA824362947A97500D6019D /* AddActorView */ = {
			isa = PBXGroup;
			children = (
				7AA824372947A9A100D6019D /* AddActorView.swift */,
				7AA824392947A9BF00D6019D /* AddActorViewModel.swift */,
			);
			path = AddActorView;
			sourceTree = "<group>";
		};
		7AAC4C2C2940C87000545C38 /* CreateUserView */ = {
			isa = PBXGroup;
			children = (
				7AAC4C2D2940C88F00545C38 /* CreateUserView.swift */,
				7AAC4C2F2940C89F00545C38 /* CreateUserViewModel.swift */,
			);
			path = CreateUserView;
			sourceTree = "<group>";
		};
		7AAC4C312940C93A00545C38 /* Components */ = {
			isa = PBXGroup;
			children = (
				7AAC4C322940C95E00545C38 /* TextFieldView.swift */,
				7AA8242D2947905300D6019D /* MovieCell.swift */,
				7AA8243B2947AE7F00D6019D /* ActorCell.swift */,
				7AA8243D2947B47E00D6019D /* SearchView.swift */,
				7AB3229B2948772500F6ADE6 /* CommentCell.swift */,
			);
			path = Components;
			sourceTree = "<group>";
		};
		7AB322A92948A32200F6ADE6 /* CreateNoteView */ = {
			isa = PBXGroup;
			children = (
				7AB322A72948A31900F6ADE6 /* CreateNoteView.swift */,
				7AB322AE2948A3CB00F6ADE6 /* CreateNoteViewModel.swift */,
			);
			path = CreateNoteView;
			sourceTree = "<group>";
		};
		7AB322B02948ACD500F6ADE6 /* MovieLists */ = {
			isa = PBXGroup;
			children = (
				7AB322B12948ACE800F6ADE6 /* MovieListsView.swift */,
				7AB322B32948AD1000F6ADE6 /* MovieListsViewModel.swift */,
			);
			path = MovieLists;
			sourceTree = "<group>";
		};
		7AB322B52948B12400F6ADE6 /* MovieListDetail */ = {
			isa = PBXGroup;
			children = (
				7AB322B62948B15700F6ADE6 /* MovieListDetailView.swift */,
				7AB322B82948B16800F6ADE6 /* MovieListDetailViewModel.swift */,
			);
			path = MovieListDetail;
			sourceTree = "<group>";
		};
		7AB322BC2948E19300F6ADE6 /* StartView */ = {
			isa = PBXGroup;
			children = (
				7AB322BA2948E14600F6ADE6 /* StartView.swift */,
				7AB322BD2948E1B000F6ADE6 /* StartViewModel.swift */,
			);
			path = StartView;
			sourceTree = "<group>";
		};
		7AB322C02948E2D300F6ADE6 /* MainView */ = {
			isa = PBXGroup;
			children = (
				7AB322C12948E2E900F6ADE6 /* MainViewModel.swift */,
				7AB322C32948E30300F6ADE6 /* MainView.swift */,
			);
			path = MainView;
			sourceTree = "<group>";
		};
		7AB322CF2948F60700F6ADE6 /* StandartData */ = {
			isa = PBXGroup;
			children = (
				7AB322D02948F62A00F6ADE6 /* Genres.json */,
				7AB322D22948FA3E00F6ADE6 /* PreloadingModels.swift */,
			);
			path = StandartData;
			sourceTree = "<group>";
		};
		7AC39048293F6F6E00B10E85 = {
			isa = PBXGroup;
			children = (
				7AC39083293F80DA00B10E85 /* NSManagedModel */,
				7AC39053293F6F6E00B10E85 /* MovieList */,
				7AC39052293F6F6E00B10E85 /* Products */,
			);
			sourceTree = "<group>";
		};
		7AC39052293F6F6E00B10E85 /* Products */ = {
			isa = PBXGroup;
			children = (
				7AC39051293F6F6E00B10E85 /* MovieList.app */,
			);
			name = Products;
			sourceTree = "<group>";
		};
		7AC39053293F6F6E00B10E85 /* MovieList */ = {
			isa = PBXGroup;
			children = (
				7AB322CF2948F60700F6ADE6 /* StandartData */,
				7AB322B52948B12400F6ADE6 /* MovieListDetail */,
				7AB322B02948ACD500F6ADE6 /* MovieLists */,
				7AB322A92948A32200F6ADE6 /* CreateNoteView */,
				7AA824362947A97500D6019D /* AddActorView */,
				7AA8243129479ED100D6019D /* MovieDetail */,
				7A1F05E22946593A00E3B37F /* MovieListView */,
				7AAC4C312940C93A00545C38 /* Components */,
				7A1F05DF2946424F00E3B37F /* CreateMovieView */,
				7AAC4C2C2940C87000545C38 /* CreateUserView */,
				7AC39054293F6F6E00B10E85 /* MovieListApp.swift */,
				7AC39056293F6F6E00B10E85 /* ContentView.swift */,
				7AC39058293F6F7000B10E85 /* Assets.xcassets */,
				7AC3905D293F6F7000B10E85 /* Persistence.swift */,
				7AC3905F293F6F7000B10E85 /* MovieList.xcdatamodeld */,
				7AC3905A293F6F7000B10E85 /* Preview Content */,
				7AA8242F2947992B00D6019D /* Extensions.swift */,
				7AB322C02948E2D300F6ADE6 /* MainView */,
				7AB322BC2948E19300F6ADE6 /* StartView */,
				7AB322C52948E7DC00F6ADE6 /* Examples.swift */,
			);
			path = MovieList;
			sourceTree = "<group>";
		};
		7AC3905A293F6F7000B10E85 /* Preview Content */ = {
			isa = PBXGroup;
			children = (
				7AC3905B293F6F7000B10E85 /* Preview Assets.xcassets */,
			);
			path = "Preview Content";
			sourceTree = "<group>";
		};
		7AC39083293F80DA00B10E85 /* NSManagedModel */ = {
			isa = PBXGroup;
			children = (
				7AB322D829493A0200F6ADE6 /* MovieList+CoreDataClass.swift */,
				7AB322D929493A0200F6ADE6 /* MovieList+CoreDataProperties.swift */,
				7AB322C72948F4AC00F6ADE6 /* UserMovie+CoreDataClass.swift */,
				7AB322C82948F4AC00F6ADE6 /* UserMovie+CoreDataProperties.swift */,
				7AB322C92948F4AC00F6ADE6 /* User+CoreDataClass.swift */,
				7AB322CA2948F4AC00F6ADE6 /* User+CoreDataProperties.swift */,
				7AB3229F2948797700F6ADE6 /* Comment+CoreDataClass.swift */,
				7AB322A02948797700F6ADE6 /* Comment+CoreDataProperties.swift */,
				7AC39067293F80D000B10E85 /* Movie+CoreDataClass.swift */,
				7AC39068293F80D000B10E85 /* Movie+CoreDataProperties.swift */,
				7AC39069293F80D000B10E85 /* Actor+CoreDataClass.swift */,
				7AC3906A293F80D000B10E85 /* Actor+CoreDataProperties.swift */,
				7AC3906B293F80D000B10E85 /* Genre+CoreDataClass.swift */,
				7AC3906C293F80D000B10E85 /* Genre+CoreDataProperties.swift */,
			);
			path = NSManagedModel;
			sourceTree = "<group>";
		};
/* End PBXGroup section */

/* Begin PBXNativeTarget section */
		7AC39050293F6F6E00B10E85 /* MovieList */ = {
			isa = PBXNativeTarget;
			buildConfigurationList = 7AC39064293F6F7000B10E85 /* Build configuration list for PBXNativeTarget "MovieList" */;
			buildPhases = (
				7AC3904D293F6F6E00B10E85 /* Sources */,
				7AC3904E293F6F6E00B10E85 /* Frameworks */,
				7AC3904F293F6F6E00B10E85 /* Resources */,
			);
			buildRules = (
			);
			dependencies = (
			);
			name = MovieList;
			productName = MovieList;
			productReference = 7AC39051293F6F6E00B10E85 /* MovieList.app */;
			productType = "com.apple.product-type.application";
		};
/* End PBXNativeTarget section */

/* Begin PBXProject section */
		7AC39049293F6F6E00B10E85 /* Project object */ = {
			isa = PBXProject;
			attributes = {
				BuildIndependentTargetsInParallel = 1;
				LastSwiftUpdateCheck = 1410;
				LastUpgradeCheck = 1410;
				TargetAttributes = {
					7AC39050293F6F6E00B10E85 = {
						CreatedOnToolsVersion = 14.1;
					};
				};
			};
			buildConfigurationList = 7AC3904C293F6F6E00B10E85 /* Build configuration list for PBXProject "MovieList" */;
			compatibilityVersion = "Xcode 14.0";
			developmentRegion = en;
			hasScannedForEncodings = 0;
			knownRegions = (
				en,
				Base,
			);
			mainGroup = 7AC39048293F6F6E00B10E85;
			productRefGroup = 7AC39052293F6F6E00B10E85 /* Products */;
			projectDirPath = "";
			projectRoot = "";
			targets = (
				7AC39050293F6F6E00B10E85 /* MovieList */,
			);
		};
/* End PBXProject section */

/* Begin PBXResourcesBuildPhase section */
		7AC3904F293F6F6E00B10E85 /* Resources */ = {
			isa = PBXResourcesBuildPhase;
			buildActionMask = 2147483647;
			files = (
				7AB322D12948F62A00F6ADE6 /* Genres.json in Resources */,
				7AC3905C293F6F7000B10E85 /* Preview Assets.xcassets in Resources */,
				7AC39059293F6F7000B10E85 /* Assets.xcassets in Resources */,
			);
			runOnlyForDeploymentPostprocessing = 0;
		};
/* End PBXResourcesBuildPhase section */

/* Begin PBXSourcesBuildPhase section */
		7AC3904D293F6F6E00B10E85 /* Sources */ = {
			isa = PBXSourcesBuildPhase;
			buildActionMask = 2147483647;
			files = (
				7AA8242E2947905300D6019D /* MovieCell.swift in Sources */,
				7AA824302947992B00D6019D /* Extensions.swift in Sources */,
				7AC3905E293F6F7000B10E85 /* Persistence.swift in Sources */,
				7AB322CE2948F4AC00F6ADE6 /* User+CoreDataProperties.swift in Sources */,
				7AB322DB29493A0200F6ADE6 /* MovieList+CoreDataProperties.swift in Sources */,
				7AA8243C2947AE7F00D6019D /* ActorCell.swift in Sources */,
				7AC39057293F6F6E00B10E85 /* ContentView.swift in Sources */,
				7AB322CC2948F4AC00F6ADE6 /* UserMovie+CoreDataProperties.swift in Sources */,
				7AB322B22948ACE800F6ADE6 /* MovieListsView.swift in Sources */,
				7AA824382947A9A100D6019D /* AddActorView.swift in Sources */,
				7AC39061293F6F7000B10E85 /* MovieList.xcdatamodeld in Sources */,
				7AB3229C2948772500F6ADE6 /* CommentCell.swift in Sources */,
				7A1F05E42946595000E3B37F /* MovieListView.swift in Sources */,
				7AB322C22948E2E900F6ADE6 /* MainViewModel.swift in Sources */,
				7AB322B72948B15700F6ADE6 /* MovieListDetailView.swift in Sources */,
				7AA8243E2947B47E00D6019D /* SearchView.swift in Sources */,
				7AA8243529479F4900D6019D /* MovieDetaillViewModel.swift in Sources */,
				7AC39077293F80D000B10E85 /* Actor+CoreDataClass.swift in Sources */,
				7AA8243A2947A9BF00D6019D /* AddActorViewModel.swift in Sources */,
				7AB322BB2948E14600F6ADE6 /* StartView.swift in Sources */,
				7AB322A82948A31900F6ADE6 /* CreateNoteView.swift in Sources */,
				7AB322B42948AD1000F6ADE6 /* MovieListsViewModel.swift in Sources */,
				7A1F05DE2946424800E3B37F /* CreateMovieView.swift in Sources */,
				7AB322B92948B16800F6ADE6 /* MovieListDetailViewModel.swift in Sources */,
				7AAC4C302940C89F00545C38 /* CreateUserViewModel.swift in Sources */,
				7AB322A22948797700F6ADE6 /* Comment+CoreDataProperties.swift in Sources */,
				7AB322A12948797700F6ADE6 /* Comment+CoreDataClass.swift in Sources */,
				7AAC4C332940C95E00545C38 /* TextFieldView.swift in Sources */,
				7AB322C42948E30300F6ADE6 /* MainView.swift in Sources */,
				7AA8243329479F2800D6019D /* MovieDetailView.swift in Sources */,
				7AB322D32948FA3E00F6ADE6 /* PreloadingModels.swift in Sources */,
				7AC39075293F80D000B10E85 /* Movie+CoreDataClass.swift in Sources */,
				7AAC4C2E2940C88F00545C38 /* CreateUserView.swift in Sources */,
				7AB322DA29493A0200F6ADE6 /* MovieList+CoreDataClass.swift in Sources */,
				7AC3907A293F80D000B10E85 /* Genre+CoreDataProperties.swift in Sources */,
				7AC39078293F80D000B10E85 /* Actor+CoreDataProperties.swift in Sources */,
				7AC39076293F80D000B10E85 /* Movie+CoreDataProperties.swift in Sources */,
				7A1F05E12946426C00E3B37F /* CreateMoviewViewModel.swift in Sources */,
				7AB322CD2948F4AC00F6ADE6 /* User+CoreDataClass.swift in Sources */,
				7AB322BE2948E1B000F6ADE6 /* StartViewModel.swift in Sources */,
				7AB322AF2948A3CB00F6ADE6 /* CreateNoteViewModel.swift in Sources */,
				7AB322CB2948F4AC00F6ADE6 /* UserMovie+CoreDataClass.swift in Sources */,
				7AC39055293F6F6E00B10E85 /* MovieListApp.swift in Sources */,
				7AC39079293F80D000B10E85 /* Genre+CoreDataClass.swift in Sources */,
				7AB322C62948E7DC00F6ADE6 /* Examples.swift in Sources */,
				7A1F05E62946596D00E3B37F /* MovieListViewModel.swift in Sources */,
			);
			runOnlyForDeploymentPostprocessing = 0;
		};
/* End PBXSourcesBuildPhase section */

/* Begin XCBuildConfiguration section */
		7AC39062293F6F7000B10E85 /* Debug */ = {
			isa = XCBuildConfiguration;
			buildSettings = {
				ALWAYS_SEARCH_USER_PATHS = NO;
				CLANG_ANALYZER_NONNULL = YES;
				CLANG_ANALYZER_NUMBER_OBJECT_CONVERSION = YES_AGGRESSIVE;
				CLANG_CXX_LANGUAGE_STANDARD = "gnu++20";
				CLANG_ENABLE_MODULES = YES;
				CLANG_ENABLE_OBJC_ARC = YES;
				CLANG_ENABLE_OBJC_WEAK = YES;
				CLANG_WARN_BLOCK_CAPTURE_AUTORELEASING = YES;
				CLANG_WARN_BOOL_CONVERSION = YES;
				CLANG_WARN_COMMA = YES;
				CLANG_WARN_CONSTANT_CONVERSION = YES;
				CLANG_WARN_DEPRECATED_OBJC_IMPLEMENTATIONS = YES;
				CLANG_WARN_DIRECT_OBJC_ISA_USAGE = YES_ERROR;
				CLANG_WARN_DOCUMENTATION_COMMENTS = YES;
				CLANG_WARN_EMPTY_BODY = YES;
				CLANG_WARN_ENUM_CONVERSION = YES;
				CLANG_WARN_INFINITE_RECURSION = YES;
				CLANG_WARN_INT_CONVERSION = YES;
				CLANG_WARN_NON_LITERAL_NULL_CONVERSION = YES;
				CLANG_WARN_OBJC_IMPLICIT_RETAIN_SELF = YES;
				CLANG_WARN_OBJC_LITERAL_CONVERSION = YES;
				CLANG_WARN_OBJC_ROOT_CLASS = YES_ERROR;
				CLANG_WARN_QUOTED_INCLUDE_IN_FRAMEWORK_HEADER = YES;
				CLANG_WARN_RANGE_LOOP_ANALYSIS = YES;
				CLANG_WARN_STRICT_PROTOTYPES = YES;
				CLANG_WARN_SUSPICIOUS_MOVE = YES;
				CLANG_WARN_UNGUARDED_AVAILABILITY = YES_AGGRESSIVE;
				CLANG_WARN_UNREACHABLE_CODE = YES;
				CLANG_WARN__DUPLICATE_METHOD_MATCH = YES;
				COPY_PHASE_STRIP = NO;
				DEBUG_INFORMATION_FORMAT = dwarf;
				ENABLE_STRICT_OBJC_MSGSEND = YES;
				ENABLE_TESTABILITY = YES;
				GCC_C_LANGUAGE_STANDARD = gnu11;
				GCC_DYNAMIC_NO_PIC = NO;
				GCC_NO_COMMON_BLOCKS = YES;
				GCC_OPTIMIZATION_LEVEL = 0;
				GCC_PREPROCESSOR_DEFINITIONS = (
					"DEBUG=1",
					"$(inherited)",
				);
				GCC_WARN_64_TO_32_BIT_CONVERSION = YES;
				GCC_WARN_ABOUT_RETURN_TYPE = YES_ERROR;
				GCC_WARN_UNDECLARED_SELECTOR = YES;
				GCC_WARN_UNINITIALIZED_AUTOS = YES_AGGRESSIVE;
				GCC_WARN_UNUSED_FUNCTION = YES;
				GCC_WARN_UNUSED_VARIABLE = YES;
				IPHONEOS_DEPLOYMENT_TARGET = 16.1;
				MTL_ENABLE_DEBUG_INFO = INCLUDE_SOURCE;
				MTL_FAST_MATH = YES;
				ONLY_ACTIVE_ARCH = YES;
				SDKROOT = iphoneos;
				SWIFT_ACTIVE_COMPILATION_CONDITIONS = DEBUG;
				SWIFT_OPTIMIZATION_LEVEL = "-Onone";
			};
			name = Debug;
		};
		7AC39063293F6F7000B10E85 /* Release */ = {
			isa = XCBuildConfiguration;
			buildSettings = {
				ALWAYS_SEARCH_USER_PATHS = NO;
				CLANG_ANALYZER_NONNULL = YES;
				CLANG_ANALYZER_NUMBER_OBJECT_CONVERSION = YES_AGGRESSIVE;
				CLANG_CXX_LANGUAGE_STANDARD = "gnu++20";
				CLANG_ENABLE_MODULES = YES;
				CLANG_ENABLE_OBJC_ARC = YES;
				CLANG_ENABLE_OBJC_WEAK = YES;
				CLANG_WARN_BLOCK_CAPTURE_AUTORELEASING = YES;
				CLANG_WARN_BOOL_CONVERSION = YES;
				CLANG_WARN_COMMA = YES;
				CLANG_WARN_CONSTANT_CONVERSION = YES;
				CLANG_WARN_DEPRECATED_OBJC_IMPLEMENTATIONS = YES;
				CLANG_WARN_DIRECT_OBJC_ISA_USAGE = YES_ERROR;
				CLANG_WARN_DOCUMENTATION_COMMENTS = YES;
				CLANG_WARN_EMPTY_BODY = YES;
				CLANG_WARN_ENUM_CONVERSION = YES;
				CLANG_WARN_INFINITE_RECURSION = YES;
				CLANG_WARN_INT_CONVERSION = YES;
				CLANG_WARN_NON_LITERAL_NULL_CONVERSION = YES;
				CLANG_WARN_OBJC_IMPLICIT_RETAIN_SELF = YES;
				CLANG_WARN_OBJC_LITERAL_CONVERSION = YES;
				CLANG_WARN_OBJC_ROOT_CLASS = YES_ERROR;
				CLANG_WARN_QUOTED_INCLUDE_IN_FRAMEWORK_HEADER = YES;
				CLANG_WARN_RANGE_LOOP_ANALYSIS = YES;
				CLANG_WARN_STRICT_PROTOTYPES = YES;
				CLANG_WARN_SUSPICIOUS_MOVE = YES;
				CLANG_WARN_UNGUARDED_AVAILABILITY = YES_AGGRESSIVE;
				CLANG_WARN_UNREACHABLE_CODE = YES;
				CLANG_WARN__DUPLICATE_METHOD_MATCH = YES;
				COPY_PHASE_STRIP = NO;
				DEBUG_INFORMATION_FORMAT = "dwarf-with-dsym";
				ENABLE_NS_ASSERTIONS = NO;
				ENABLE_STRICT_OBJC_MSGSEND = YES;
				GCC_C_LANGUAGE_STANDARD = gnu11;
				GCC_NO_COMMON_BLOCKS = YES;
				GCC_WARN_64_TO_32_BIT_CONVERSION = YES;
				GCC_WARN_ABOUT_RETURN_TYPE = YES_ERROR;
				GCC_WARN_UNDECLARED_SELECTOR = YES;
				GCC_WARN_UNINITIALIZED_AUTOS = YES_AGGRESSIVE;
				GCC_WARN_UNUSED_FUNCTION = YES;
				GCC_WARN_UNUSED_VARIABLE = YES;
				IPHONEOS_DEPLOYMENT_TARGET = 16.1;
				MTL_ENABLE_DEBUG_INFO = NO;
				MTL_FAST_MATH = YES;
				SDKROOT = iphoneos;
				SWIFT_COMPILATION_MODE = wholemodule;
				SWIFT_OPTIMIZATION_LEVEL = "-O";
				VALIDATE_PRODUCT = YES;
			};
			name = Release;
		};
		7AC39065293F6F7000B10E85 /* Debug */ = {
			isa = XCBuildConfiguration;
			buildSettings = {
				ASSETCATALOG_COMPILER_APPICON_NAME = AppIcon;
				ASSETCATALOG_COMPILER_GLOBAL_ACCENT_COLOR_NAME = AccentColor;
				CODE_SIGN_STYLE = Automatic;
				CURRENT_PROJECT_VERSION = 1;
				DEVELOPMENT_ASSET_PATHS = "\"MovieList/Preview Content\"";
				DEVELOPMENT_TEAM = 2DA8D383L8;
				ENABLE_PREVIEWS = YES;
				GENERATE_INFOPLIST_FILE = YES;
				INFOPLIST_KEY_UIApplicationSceneManifest_Generation = YES;
				INFOPLIST_KEY_UIApplicationSupportsIndirectInputEvents = YES;
				INFOPLIST_KEY_UILaunchScreen_Generation = YES;
				INFOPLIST_KEY_UISupportedInterfaceOrientations_iPad = "UIInterfaceOrientationPortrait UIInterfaceOrientationPortraitUpsideDown UIInterfaceOrientationLandscapeLeft UIInterfaceOrientationLandscapeRight";
				INFOPLIST_KEY_UISupportedInterfaceOrientations_iPhone = "UIInterfaceOrientationPortrait UIInterfaceOrientationLandscapeLeft UIInterfaceOrientationLandscapeRight";
				IPHONEOS_DEPLOYMENT_TARGET = 15.0;
				LD_RUNPATH_SEARCH_PATHS = (
					"$(inherited)",
					"@executable_path/Frameworks",
				);
				MARKETING_VERSION = 1.0;
				PRODUCT_BUNDLE_IDENTIFIER = com.Daniil.movielist.MovieList;
				PRODUCT_NAME = "$(TARGET_NAME)";
				SWIFT_EMIT_LOC_STRINGS = YES;
				SWIFT_VERSION = 5.0;
				TARGETED_DEVICE_FAMILY = "1,2";
			};
			name = Debug;
		};
		7AC39066293F6F7000B10E85 /* Release */ = {
			isa = XCBuildConfiguration;
			buildSettings = {
				ASSETCATALOG_COMPILER_APPICON_NAME = AppIcon;
				ASSETCATALOG_COMPILER_GLOBAL_ACCENT_COLOR_NAME = AccentColor;
				CODE_SIGN_STYLE = Automatic;
				CURRENT_PROJECT_VERSION = 1;
				DEVELOPMENT_ASSET_PATHS = "\"MovieList/Preview Content\"";
				DEVELOPMENT_TEAM = 2DA8D383L8;
				ENABLE_PREVIEWS = YES;
				GENERATE_INFOPLIST_FILE = YES;
				INFOPLIST_KEY_UIApplicationSceneManifest_Generation = YES;
				INFOPLIST_KEY_UIApplicationSupportsIndirectInputEvents = YES;
				INFOPLIST_KEY_UILaunchScreen_Generation = YES;
				INFOPLIST_KEY_UISupportedInterfaceOrientations_iPad = "UIInterfaceOrientationPortrait UIInterfaceOrientationPortraitUpsideDown UIInterfaceOrientationLandscapeLeft UIInterfaceOrientationLandscapeRight";
				INFOPLIST_KEY_UISupportedInterfaceOrientations_iPhone = "UIInterfaceOrientationPortrait UIInterfaceOrientationLandscapeLeft UIInterfaceOrientationLandscapeRight";
				IPHONEOS_DEPLOYMENT_TARGET = 15.0;
				LD_RUNPATH_SEARCH_PATHS = (
					"$(inherited)",
					"@executable_path/Frameworks",
				);
				MARKETING_VERSION = 1.0;
				PRODUCT_BUNDLE_IDENTIFIER = com.Daniil.movielist.MovieList;
				PRODUCT_NAME = "$(TARGET_NAME)";
				SWIFT_EMIT_LOC_STRINGS = YES;
				SWIFT_VERSION = 5.0;
				TARGETED_DEVICE_FAMILY = "1,2";
			};
			name = Release;
		};
/* End XCBuildConfiguration section */

/* Begin XCConfigurationList section */
		7AC3904C293F6F6E00B10E85 /* Build configuration list for PBXProject "MovieList" */ = {
			isa = XCConfigurationList;
			buildConfigurations = (
				7AC39062293F6F7000B10E85 /* Debug */,
				7AC39063293F6F7000B10E85 /* Release */,
			);
			defaultConfigurationIsVisible = 0;
			defaultConfigurationName = Release;
		};
		7AC39064293F6F7000B10E85 /* Build configuration list for PBXNativeTarget "MovieList" */ = {
			isa = XCConfigurationList;
			buildConfigurations = (
				7AC39065293F6F7000B10E85 /* Debug */,
				7AC39066293F6F7000B10E85 /* Release */,
			);
			defaultConfigurationIsVisible = 0;
			defaultConfigurationName = Release;
		};
/* End XCConfigurationList section */

/* Begin XCVersionGroup section */
		7AC3905F293F6F7000B10E85 /* MovieList.xcdatamodeld */ = {
			isa = XCVersionGroup;
			children = (
				7AC39060293F6F7000B10E85 /* MovieList.xcdatamodel */,
			);
			currentVersion = 7AC39060293F6F7000B10E85 /* MovieList.xcdatamodel */;
			path = MovieList.xcdatamodeld;
			sourceTree = "<group>";
			versionGroupType = wrapper.xcdatamodel;
		};
/* End XCVersionGroup section */
	};
	rootObject = 7AC39049293F6F6E00B10E85 /* Project object */;
}
